
Microsoft Visual Studio Solution File, Format Version 12.00
# Visual Studio Version 17
VisualStudioVersion = 17.9.34723.18
MinimumVisualStudioVersion = 10.0.40219.1
Project("{FAE04EC0-301F-11D3-BF4B-00C04F79EFBC}") = "WindowsFormsApp2", "WindowsFormsApp2\WindowsFormsApp2.csproj", "{82B9ED76-3560-4F2E-AB43-5A087E57640C}"
EndProject
Global
	GlobalSection(SolutionConfigurationPlatforms) = preSolution
		Debug|Any CPU = Debug|Any CPU
		Release|Any CPU = Release|Any CPU
	EndGlobalSection
	GlobalSection(ProjectConfigurationPlatforms) = postSolution
		{82B9ED76-3560-4F2E-AB43-5A087E57640C}.Debug|Any CPU.ActiveCfg = Debug|Any CPU
		{82B9ED76-3560-4F2E-AB43-5A087E57640C}.Debug|Any CPU.Build.0 = Debug|Any CPU
		{82B9ED76-3560-4F2E-AB43-5A087E57640C}.Release|Any CPU.ActiveCfg = Release|Any CPU
		{82B9ED76-3560-4F2E-AB43-5A087E57640C}.Release|Any CPU.Build.0 = Release|Any CPU
	EndGlobalSection
	GlobalSection(SolutionProperties) = preSolution
		HideSolutionNode = FALSE
	EndGlobalSection
	GlobalSection(ExtensibilityGlobals) = postSolution
		SolutionGuid = {9B2C1781-C7BB-4673-A49A-C90DC2F24A30}
	EndGlobalSection
EndGlobal
